PODS:
  - AssociatedValues (1.0.1)
  - SwiftCallbacks (1.0.0):
    - AssociatedValues (~> 1.0.1)

DEPENDENCIES:
  - SwiftCallbacks (~> 1.0.0)

SPEC CHECKSUMS:
  AssociatedValues: 7c303dc12d04c0edb6fc05c9ccbf1897c7438d0d
  SwiftCallbacks: a85aa93de01d0091e8b26a8feeec779d17b54bf0

PODFILE CHECKSUM: dff3f0f05d6df22c358def2740e3851f05db1f90

COCOAPODS: 1.0.0.beta.3
