// !$*UTF8*$!
{
	archiveVersion = 1;
	classes = {
	};
	objectVersion = 46;
	objects = {

/* Begin PBXBuildFile section */
		03C55E75B25361D24AA14037 /* Pods_AlertBuilderTests.framework in Frameworks */ = {isa = PBXBuildFile; fileRef = 0F13075A9C21779A40B3451F /* Pods_AlertBuilderTests.framework */; };
		A2CE206A1C7D6D86005381DF /* AlertBuilder.h in Headers */ = {isa = PBXBuildFile; fileRef = A2CE20691C7D6D86005381DF /* AlertBuilder.h */; settings = {ATTRIBUTES = (Public, ); }; };
		A2CE20711C7D6D86005381DF /* AlertBuilder.framework in Frameworks */ = {isa = PBXBuildFile; fileRef = A2CE20661C7D6D86005381DF /* AlertBuilder.framework */; };
		A2CE20761C7D6D86005381DF /* AlertBuilderTests.swift in Sources */ = {isa = PBXBuildFile; fileRef = A2CE20751C7D6D86005381DF /* AlertBuilderTests.swift */; };
		A2CE20811C7D6DED005381DF /* AlertBuilder.podspec in Resources */ = {isa = PBXBuildFile; fileRef = A2CE20801C7D6DED005381DF /* AlertBuilder.podspec */; };
		A2CE20831C7D6E44005381DF /* AlertBuilder.swift in Sources */ = {isa = PBXBuildFile; fileRef = A2CE20821C7D6E44005381DF /* AlertBuilder.swift */; };
		A2CE20851C7D6E64005381DF /* UIAlertController+Configuration.swift in Sources */ = {isa = PBXBuildFile; fileRef = A2CE20841C7D6E64005381DF /* UIAlertController+Configuration.swift */; };
		A2CE20891C7D6F45005381DF /* Alert.swift in Sources */ = {isa = PBXBuildFile; fileRef = A2CE20881C7D6F45005381DF /* Alert.swift */; };
		A2CE208B1C7D6F53005381DF /* ActionSheet.swift in Sources */ = {isa = PBXBuildFile; fileRef = A2CE208A1C7D6F53005381DF /* ActionSheet.swift */; };
		A2CE208D1C7DF818005381DF /* AlertControllerConfiguration.swift in Sources */ = {isa = PBXBuildFile; fileRef = A2CE208C1C7DF818005381DF /* AlertControllerConfiguration.swift */; };
		A2CE208F1C7DF847005381DF /* AlertContext.swift in Sources */ = {isa = PBXBuildFile; fileRef = A2CE208E1C7DF847005381DF /* AlertContext.swift */; };
		A2DC2FBF1DDF641500059847 /* CollectionType+Find.swift in Sources */ = {isa = PBXBuildFile; fileRef = A2DC2FBE1DDF641500059847 /* CollectionType+Find.swift */; };
		A2DC2FC11DDF64FB00059847 /* AlertController.swift in Sources */ = {isa = PBXBuildFile; fileRef = A2DC2FC01DDF64FB00059847 /* AlertController.swift */; };
		DDC68A6FD4D35CEB6B0D95C1 /* Pods_AlertBuilder.framework in Frameworks */ = {isa = PBXBuildFile; fileRef = B87D959A912FEB1C297B084A /* Pods_AlertBuilder.framework */; };
/* End PBXBuildFile section */

/* Begin PBXContainerItemProxy section */
		A2CE20721C7D6D86005381DF /* PBXContainerItemProxy */ = {
			isa = PBXContainerItemProxy;
			containerPortal = A2CE205D1C7D6D86005381DF /* Project object */;
			proxyType = 1;
			remoteGlobalIDString = A2CE20651C7D6D86005381DF;
			remoteInfo = AlertBuilder;
		};
/* End PBXContainerItemProxy section */

/* Begin PBXFileReference section */
		0F13075A9C21779A40B3451F /* Pods_AlertBuilderTests.framework */ = {isa = PBXFileReference; explicitFileType = wrapper.framework; includeInIndex = 0; path = Pods_AlertBuilderTests.framework; sourceTree = BUILT_PRODUCTS_DIR; };
		1540B6EB658680F7A2781B73 /* Pods-AlertBuilderTests.release.xcconfig */ = {isa = PBXFileReference; includeInIndex = 1; lastKnownFileType = text.xcconfig; name = "Pods-AlertBuilderTests.release.xcconfig"; path = "Pods/Target Support Files/Pods-AlertBuilderTests/Pods-AlertBuilderTests.release.xcconfig"; sourceTree = "<group>"; };
		251CE2DCE9A97572AFEB59DB /* Pods-AlertBuilderTests.debug.xcconfig */ = {isa = PBXFileReference; includeInIndex = 1; lastKnownFileType = text.xcconfig; name = "Pods-AlertBuilderTests.debug.xcconfig"; path = "Pods/Target Support Files/Pods-AlertBuilderTests/Pods-AlertBuilderTests.debug.xcconfig"; sourceTree = "<group>"; };
		48F6D82F200DBB84CDCD66BA /* Pods-AlertBuilder.debug.xcconfig */ = {isa = PBXFileReference; includeInIndex = 1; lastKnownFileType = text.xcconfig; name = "Pods-AlertBuilder.debug.xcconfig"; path = "Pods/Target Support Files/Pods-AlertBuilder/Pods-AlertBuilder.debug.xcconfig"; sourceTree = "<group>"; };
		666236D5DC90161FACC729B6 /* Pods-AlertBuilder.release.xcconfig */ = {isa = PBXFileReference; includeInIndex = 1; lastKnownFileType = text.xcconfig; name = "Pods-AlertBuilder.release.xcconfig"; path = "Pods/Target Support Files/Pods-AlertBuilder/Pods-AlertBuilder.release.xcconfig"; sourceTree = "<group>"; };
		A2CE20661C7D6D86005381DF /* AlertBuilder.framework */ = {isa = PBXFileReference; explicitFileType = wrapper.framework; includeInIndex = 0; path = AlertBuilder.framework; sourceTree = BUILT_PRODUCTS_DIR; };
		A2CE20691C7D6D86005381DF /* AlertBuilder.h */ = {isa = PBXFileReference; lastKnownFileType = sourcecode.c.h; path = AlertBuilder.h; sourceTree = "<group>"; };
		A2CE206B1C7D6D86005381DF /* Info.plist */ = {isa = PBXFileReference; lastKnownFileType = text.plist.xml; path = Info.plist; sourceTree = "<group>"; };
		A2CE20701C7D6D86005381DF /* AlertBuilderTests.xctest */ = {isa = PBXFileReference; explicitFileType = wrapper.cfbundle; includeInIndex = 0; path = AlertBuilderTests.xctest; sourceTree = BUILT_PRODUCTS_DIR; };
		A2CE20751C7D6D86005381DF /* AlertBuilderTests.swift */ = {isa = PBXFileReference; lastKnownFileType = sourcecode.swift; path = AlertBuilderTests.swift; sourceTree = "<group>"; };
		A2CE20771C7D6D86005381DF /* Info.plist */ = {isa = PBXFileReference; lastKnownFileType = text.plist.xml; path = Info.plist; sourceTree = "<group>"; };
		A2CE20801C7D6DED005381DF /* AlertBuilder.podspec */ = {isa = PBXFileReference; fileEncoding = 4; lastKnownFileType = text; path = AlertBuilder.podspec; sourceTree = "<group>"; };
		A2CE20821C7D6E44005381DF /* AlertBuilder.swift */ = {isa = PBXFileReference; fileEncoding = 4; lastKnownFileType = sourcecode.swift; path = AlertBuilder.swift; sourceTree = "<group>"; };
		A2CE20841C7D6E64005381DF /* UIAlertController+Configuration.swift */ = {isa = PBXFileReference; fileEncoding = 4; lastKnownFileType = sourcecode.swift; path = "UIAlertController+Configuration.swift"; sourceTree = "<group>"; };
		A2CE20881C7D6F45005381DF /* Alert.swift */ = {isa = PBXFileReference; fileEncoding = 4; lastKnownFileType = sourcecode.swift; path = Alert.swift; sourceTree = "<group>"; };
		A2CE208A1C7D6F53005381DF /* ActionSheet.swift */ = {isa = PBXFileReference; fileEncoding = 4; lastKnownFileType = sourcecode.swift; path = ActionSheet.swift; sourceTree = "<group>"; };
		A2CE208C1C7DF818005381DF /* AlertControllerConfiguration.swift */ = {isa = PBXFileReference; fileEncoding = 4; lastKnownFileType = sourcecode.swift; path = AlertControllerConfiguration.swift; sourceTree = "<group>"; };
		A2CE208E1C7DF847005381DF /* AlertContext.swift */ = {isa = PBXFileReference; fileEncoding = 4; lastKnownFileType = sourcecode.swift; path = AlertContext.swift; sourceTree = "<group>"; };
		A2DC2FBE1DDF641500059847 /* CollectionType+Find.swift */ = {isa = PBXFileReference; fileEncoding = 4; lastKnownFileType = sourcecode.swift; path = "CollectionType+Find.swift"; sourceTree = "<group>"; };
		A2DC2FC01DDF64FB00059847 /* AlertController.swift */ = {isa = PBXFileReference; fileEncoding = 4; lastKnownFileType = sourcecode.swift; path = AlertController.swift; sourceTree = "<group>"; };
		B87D959A912FEB1C297B084A /* Pods_AlertBuilder.framework */ = {isa = PBXFileReference; explicitFileType = wrapper.framework; includeInIndex = 0; path = Pods_AlertBuilder.framework; sourceTree = BUILT_PRODUCTS_DIR; };
/* End PBXFileReference section */

/* Begin PBXFrameworksBuildPhase section */
		A2CE20621C7D6D86005381DF /* Frameworks */ = {
			isa = PBXFrameworksBuildPhase;
			buildActionMask = 2147483647;
			files = (
				DDC68A6FD4D35CEB6B0D95C1 /* Pods_AlertBuilder.framework in Frameworks */,
			);
			runOnlyForDeploymentPostprocessing = 0;
		};
		A2CE206D1C7D6D86005381DF /* Frameworks */ = {
			isa = PBXFrameworksBuildPhase;
			buildActionMask = 2147483647;
			files = (
				A2CE20711C7D6D86005381DF /* AlertBuilder.framework in Frameworks */,
				03C55E75B25361D24AA14037 /* Pods_AlertBuilderTests.framework in Frameworks */,
			);
			runOnlyForDeploymentPostprocessing = 0;
		};
/* End PBXFrameworksBuildPhase section */

/* Begin PBXGroup section */
		83CBC71C9C655C5704258D2A /* Pods */ = {
			isa = PBXGroup;
			children = (
				48F6D82F200DBB84CDCD66BA /* Pods-AlertBuilder.debug.xcconfig */,
				666236D5DC90161FACC729B6 /* Pods-AlertBuilder.release.xcconfig */,
				251CE2DCE9A97572AFEB59DB /* Pods-AlertBuilderTests.debug.xcconfig */,
				1540B6EB658680F7A2781B73 /* Pods-AlertBuilderTests.release.xcconfig */,
			);
			name = Pods;
			sourceTree = "<group>";
		};
		A2CE205C1C7D6D86005381DF = {
			isa = PBXGroup;
			children = (
				A2CE20681C7D6D86005381DF /* AlertBuilder */,
				A2CE20741C7D6D86005381DF /* AlertBuilderTests */,
				F6CD543E648C1D039B6B43B4 /* Frameworks */,
				83CBC71C9C655C5704258D2A /* Pods */,
				A2CE20671C7D6D86005381DF /* Products */,
				A2CE20801C7D6DED005381DF /* AlertBuilder.podspec */,
			);
			sourceTree = "<group>";
		};
		A2CE20671C7D6D86005381DF /* Products */ = {
			isa = PBXGroup;
			children = (
				A2CE20661C7D6D86005381DF /* AlertBuilder.framework */,
				A2CE20701C7D6D86005381DF /* AlertBuilderTests.xctest */,
			);
			name = Products;
			sourceTree = "<group>";
		};
		A2CE20681C7D6D86005381DF /* AlertBuilder */ = {
			isa = PBXGroup;
			children = (
				A2DC2FBE1DDF641500059847 /* CollectionType+Find.swift */,
				A2CE208A1C7D6F53005381DF /* ActionSheet.swift */,
				A2CE20881C7D6F45005381DF /* Alert.swift */,
				A2DC2FC01DDF64FB00059847 /* AlertController.swift */,
				A2CE20691C7D6D86005381DF /* AlertBuilder.h */,
				A2CE20821C7D6E44005381DF /* AlertBuilder.swift */,
				A2CE208E1C7DF847005381DF /* AlertContext.swift */,
				A2CE208C1C7DF818005381DF /* AlertControllerConfiguration.swift */,
				A2CE206B1C7D6D86005381DF /* Info.plist */,
				A2CE20841C7D6E64005381DF /* UIAlertController+Configuration.swift */,
			);
			path = AlertBuilder;
			sourceTree = "<group>";
		};
		A2CE20741C7D6D86005381DF /* AlertBuilderTests */ = {
			isa = PBXGroup;
			children = (
				A2CE20751C7D6D86005381DF /* AlertBuilderTests.swift */,
				A2CE20771C7D6D86005381DF /* Info.plist */,
			);
			path = AlertBuilderTests;
			sourceTree = "<group>";
		};
		F6CD543E648C1D039B6B43B4 /* Frameworks */ = {
			isa = PBXGroup;
			children = (
				B87D959A912FEB1C297B084A /* Pods_AlertBuilder.framework */,
				0F13075A9C21779A40B3451F /* Pods_AlertBuilderTests.framework */,
			);
			name = Frameworks;
			sourceTree = "<group>";
		};
/* End PBXGroup section */

/* Begin PBXHeadersBuildPhase section */
		A2CE20631C7D6D86005381DF /* Headers */ = {
			isa = PBXHeadersBuildPhase;
			buildActionMask = 2147483647;
			files = (
				A2CE206A1C7D6D86005381DF /* AlertBuilder.h in Headers */,
			);
			runOnlyForDeploymentPostprocessing = 0;
		};
/* End PBXHeadersBuildPhase section */

/* Begin PBXNativeTarget section */
		A2CE20651C7D6D86005381DF /* AlertBuilder */ = {
			isa = PBXNativeTarget;
			buildConfigurationList = A2CE207A1C7D6D86005381DF /* Build configuration list for PBXNativeTarget "AlertBuilder" */;
			buildPhases = (
				25EED6D0A9CEA1F551698577 /* [CP] Check Pods Manifest.lock */,
				A2CE20611C7D6D86005381DF /* Sources */,
				A2CE20621C7D6D86005381DF /* Frameworks */,
				A2CE20631C7D6D86005381DF /* Headers */,
				A2CE20641C7D6D86005381DF /* Resources */,
				225FEC180E607C1FF3E2457A /* [CP] Copy Pods Resources */,
			);
			buildRules = (
			);
			dependencies = (
			);
			name = AlertBuilder;
			productName = AlertBuilder;
			productReference = A2CE20661C7D6D86005381DF /* AlertBuilder.framework */;
			productType = "com.apple.product-type.framework";
		};
		A2CE206F1C7D6D86005381DF /* AlertBuilderTests */ = {
			isa = PBXNativeTarget;
			buildConfigurationList = A2CE207D1C7D6D86005381DF /* Build configuration list for PBXNativeTarget "AlertBuilderTests" */;
			buildPhases = (
				BA91E1FDB629A63AF97B56F2 /* [CP] Check Pods Manifest.lock */,
				A2CE206C1C7D6D86005381DF /* Sources */,
				A2CE206D1C7D6D86005381DF /* Frameworks */,
				A2CE206E1C7D6D86005381DF /* Resources */,
				D353BC739394AF8E8EE8A755 /* [CP] Embed Pods Frameworks */,
				1C867A918FDFBC3F6666FEE5 /* [CP] Copy Pods Resources */,
			);
			buildRules = (
			);
			dependencies = (
				A2CE20731C7D6D86005381DF /* PBXTargetDependency */,
			);
			name = AlertBuilderTests;
			productName = AlertBuilderTests;
			productReference = A2CE20701C7D6D86005381DF /* AlertBuilderTests.xctest */;
			productType = "com.apple.product-type.bundle.unit-test";
		};
/* End PBXNativeTarget section */

/* Begin PBXProject section */
		A2CE205D1C7D6D86005381DF /* Project object */ = {
			isa = PBXProject;
			attributes = {
				LastSwiftUpdateCheck = 0720;
				LastUpgradeCheck = 0920;
				ORGANIZATIONNAME = "Brad Hilton";
				TargetAttributes = {
					A2CE20651C7D6D86005381DF = {
						CreatedOnToolsVersion = 7.2.1;
						LastSwiftMigration = 0920;
					};
					A2CE206F1C7D6D86005381DF = {
						CreatedOnToolsVersion = 7.2.1;
						LastSwiftMigration = 0920;
					};
				};
			};
			buildConfigurationList = A2CE20601C7D6D86005381DF /* Build configuration list for PBXProject "AlertBuilder" */;
			compatibilityVersion = "Xcode 3.2";
			developmentRegion = English;
			hasScannedForEncodings = 0;
			knownRegions = (
				en,
			);
			mainGroup = A2CE205C1C7D6D86005381DF;
			productRefGroup = A2CE20671C7D6D86005381DF /* Products */;
			projectDirPath = "";
			projectRoot = "";
			targets = (
				A2CE20651C7D6D86005381DF /* AlertBuilder */,
				A2CE206F1C7D6D86005381DF /* AlertBuilderTests */,
			);
		};
/* End PBXProject section */

/* Begin PBXResourcesBuildPhase section */
		A2CE20641C7D6D86005381DF /* Resources */ = {
			isa = PBXResourcesBuildPhase;
			buildActionMask = 2147483647;
			files = (
				A2CE20811C7D6DED005381DF /* AlertBuilder.podspec in Resources */,
			);
			runOnlyForDeploymentPostprocessing = 0;
		};
		A2CE206E1C7D6D86005381DF /* Resources */ = {
			isa = PBXResourcesBuildPhase;
			buildActionMask = 2147483647;
			files = (
			);
			runOnlyForDeploymentPostprocessing = 0;
		};
/* End PBXResourcesBuildPhase section */

/* Begin PBXShellScriptBuildPhase section */
		1C867A918FDFBC3F6666FEE5 /* [CP] Copy Pods Resources */ = {
			isa = PBXShellScriptBuildPhase;
			buildActionMask = 2147483647;
			files = (
			);
			inputPaths = (
			);
			name = "[CP] Copy Pods Resources";
			outputPaths = (
			);
			runOnlyForDeploymentPostprocessing = 0;
			shellPath = /bin/sh;
			shellScript = "\"${SRCROOT}/Pods/Target Support Files/Pods-AlertBuilderTests/Pods-AlertBuilderTests-resources.sh\"\n";
			showEnvVarsInLog = 0;
		};
		225FEC180E607C1FF3E2457A /* [CP] Copy Pods Resources */ = {
			isa = PBXShellScriptBuildPhase;
			buildActionMask = 2147483647;
			files = (
			);
			inputPaths = (
			);
			name = "[CP] Copy Pods Resources";
			outputPaths = (
			);
			runOnlyForDeploymentPostprocessing = 0;
			shellPath = /bin/sh;
			shellScript = "\"${SRCROOT}/Pods/Target Support Files/Pods-AlertBuilder/Pods-AlertBuilder-resources.sh\"\n";
			showEnvVarsInLog = 0;
		};
		25EED6D0A9CEA1F551698577 /* [CP] Check Pods Manifest.lock */ = {
			isa = PBXShellScriptBuildPhase;
			buildActionMask = 2147483647;
			files = (
			);
			inputPaths = (
				"${PODS_PODFILE_DIR_PATH}/Podfile.lock",
				"${PODS_ROOT}/Manifest.lock",
			);
			name = "[CP] Check Pods Manifest.lock";
			outputPaths = (
				"$(DERIVED_FILE_DIR)/Pods-AlertBuilder-checkManifestLockResult.txt",
			);
			runOnlyForDeploymentPostprocessing = 0;
			shellPath = /bin/sh;
			shellScript = "diff \"${PODS_PODFILE_DIR_PATH}/Podfile.lock\" \"${PODS_ROOT}/Manifest.lock\" > /dev/null\nif [ $? != 0 ] ; then\n    # print error to STDERR\n    echo \"error: The sandbox is not in sync with the Podfile.lock. Run 'pod install' or update your CocoaPods installation.\" >&2\n    exit 1\nfi\n# This output is used by Xcode 'outputs' to avoid re-running this script phase.\necho \"SUCCESS\" > \"${SCRIPT_OUTPUT_FILE_0}\"\n";
			showEnvVarsInLog = 0;
		};
		BA91E1FDB629A63AF97B56F2 /* [CP] Check Pods Manifest.lock */ = {
			isa = PBXShellScriptBuildPhase;
			buildActionMask = 2147483647;
			files = (
			);
			inputPaths = (
				"${PODS_PODFILE_DIR_PATH}/Podfile.lock",
				"${PODS_ROOT}/Manifest.lock",
			);
			name = "[CP] Check Pods Manifest.lock";
			outputPaths = (
				"$(DERIVED_FILE_DIR)/Pods-AlertBuilderTests-checkManifestLockResult.txt",
			);
			runOnlyForDeploymentPostprocessing = 0;
			shellPath = /bin/sh;
			shellScript = "diff \"${PODS_PODFILE_DIR_PATH}/Podfile.lock\" \"${PODS_ROOT}/Manifest.lock\" > /dev/null\nif [ $? != 0 ] ; then\n    # print error to STDERR\n    echo \"error: The sandbox is not in sync with the Podfile.lock. Run 'pod install' or update your CocoaPods installation.\" >&2\n    exit 1\nfi\n# This output is used by Xcode 'outputs' to avoid re-running this script phase.\necho \"SUCCESS\" > \"${SCRIPT_OUTPUT_FILE_0}\"\n";
			showEnvVarsInLog = 0;
		};
		D353BC739394AF8E8EE8A755 /* [CP] Embed Pods Frameworks */ = {
			isa = PBXShellScriptBuildPhase;
			buildActionMask = 2147483647;
			files = (
			);
			inputPaths = (
				"${SRCROOT}/Pods/Target Support Files/Pods-AlertBuilderTests/Pods-AlertBuilderTests-frameworks.sh",
				"${BUILT_PRODUCTS_DIR}/AssociatedValues/AssociatedValues.framework",
				"${BUILT_PRODUCTS_DIR}/SwiftCallbacks/SwiftCallbacks.framework",
				"${BUILT_PRODUCTS_DIR}/Swiftstraints/Swiftstraints.framework",
			);
			name = "[CP] Embed Pods Frameworks";
			outputPaths = (
				"${TARGET_BUILD_DIR}/${FRAMEWORKS_FOLDER_PATH}/AssociatedValues.framework",
				"${TARGET_BUILD_DIR}/${FRAMEWORKS_FOLDER_PATH}/SwiftCallbacks.framework",
				"${TARGET_BUILD_DIR}/${FRAMEWORKS_FOLDER_PATH}/Swiftstraints.framework",
			);
			runOnlyForDeploymentPostprocessing = 0;
			shellPath = /bin/sh;
			shellScript = "\"${SRCROOT}/Pods/Target Support Files/Pods-AlertBuilderTests/Pods-AlertBuilderTests-frameworks.sh\"\n";
			showEnvVarsInLog = 0;
		};
/* End PBXShellScriptBuildPhase section */

/* Begin PBXSourcesBuildPhase section */
		A2CE20611C7D6D86005381DF /* Sources */ = {
			isa = PBXSourcesBuildPhase;
			buildActionMask = 2147483647;
			files = (
				A2CE20851C7D6E64005381DF /* UIAlertController+Configuration.swift in Sources */,
				A2DC2FBF1DDF641500059847 /* CollectionType+Find.swift in Sources */,
				A2CE20891C7D6F45005381DF /* Alert.swift in Sources */,
				A2CE208F1C7DF847005381DF /* AlertContext.swift in Sources */,
				A2DC2FC11DDF64FB00059847 /* AlertController.swift in Sources */,
				A2CE208B1C7D6F53005381DF /* ActionSheet.swift in Sources */,
				A2CE20831C7D6E44005381DF /* AlertBuilder.swift in Sources */,
				A2CE208D1C7DF818005381DF /* AlertControllerConfiguration.swift in Sources */,
			);
			runOnlyForDeploymentPostprocessing = 0;
		};
		A2CE206C1C7D6D86005381DF /* Sources */ = {
			isa = PBXSourcesBuildPhase;
			buildActionMask = 2147483647;
			files = (
				A2CE20761C7D6D86005381DF /* AlertBuilderTests.swift in Sources */,
			);
			runOnlyForDeploymentPostprocessing = 0;
		};
/* End PBXSourcesBuildPhase section */

/* Begin PBXTargetDependency section */
		A2CE20731C7D6D86005381DF /* PBXTargetDependency */ = {
			isa = PBXTargetDependency;
			target = A2CE20651C7D6D86005381DF /* AlertBuilder */;
			targetProxy = A2CE20721C7D6D86005381DF /* PBXContainerItemProxy */;
		};
/* End PBXTargetDependency section */

/* Begin XCBuildConfiguration section */
		A2CE20781C7D6D86005381DF /* Debug */ = {
			isa = XCBuildConfiguration;
			buildSettings = {
				ALWAYS_SEARCH_USER_PATHS = NO;
				CLANG_CXX_LANGUAGE_STANDARD = "gnu++0x";
				CLANG_CXX_LIBRARY = "libc++";
				CLANG_ENABLE_MODULES = YES;
				CLANG_ENABLE_OBJC_ARC = YES;
				CLANG_WARN_BLOCK_CAPTURE_AUTORELEASING = YES;
				CLANG_WARN_BOOL_CONVERSION = YES;
				CLANG_WARN_COMMA = YES;
				CLANG_WARN_CONSTANT_CONVERSION = YES;
				CLANG_WARN_DIRECT_OBJC_ISA_USAGE = YES_ERROR;
				CLANG_WARN_EMPTY_BODY = YES;
				CLANG_WARN_ENUM_CONVERSION = YES;
				CLANG_WARN_INFINITE_RECURSION = YES;
				CLANG_WARN_INT_CONVERSION = YES;
				CLANG_WARN_NON_LITERAL_NULL_CONVERSION = YES;
				CLANG_WARN_OBJC_LITERAL_CONVERSION = YES;
				CLANG_WARN_OBJC_ROOT_CLASS = YES_ERROR;
				CLANG_WARN_RANGE_LOOP_ANALYSIS = YES;
				CLANG_WARN_STRICT_PROTOTYPES = YES;
				CLANG_WARN_SUSPICIOUS_MOVE = YES;
				CLANG_WARN_UNREACHABLE_CODE = YES;
				CLANG_WARN__DUPLICATE_METHOD_MATCH = YES;
				"CODE_SIGN_IDENTITY[sdk=iphoneos*]" = "iPhone Developer";
				COPY_PHASE_STRIP = NO;
				CURRENT_PROJECT_VERSION = 1;
				DEBUG_INFORMATION_FORMAT = dwarf;
				ENABLE_STRICT_OBJC_MSGSEND = YES;
				ENABLE_TESTABILITY = YES;
				GCC_C_LANGUAGE_STANDARD = gnu99;
				GCC_DYNAMIC_NO_PIC = NO;
				GCC_NO_COMMON_BLOCKS = YES;
				GCC_OPTIMIZATION_LEVEL = 0;
				GCC_PREPROCESSOR_DEFINITIONS = (
					"DEBUG=1",
					"$(inherited)",
				);
				GCC_WARN_64_TO_32_BIT_CONVERSION = YES;
				GCC_WARN_ABOUT_RETURN_TYPE = YES_ERROR;
				GCC_WARN_UNDECLARED_SELECTOR = YES;
				GCC_WARN_UNINITIALIZED_AUTOS = YES_AGGRESSIVE;
				GCC_WARN_UNUSED_FUNCTION = YES;
				GCC_WARN_UNUSED_VARIABLE = YES;
				IPHONEOS_DEPLOYMENT_TARGET = 9.0;
				MTL_ENABLE_DEBUG_INFO = YES;
				ONLY_ACTIVE_ARCH = YES;
				SDKROOT = iphoneos;
				SWIFT_OPTIMIZATION_LEVEL = "-Onone";
				SWIFT_VERSION = 4.2;
				TARGETED_DEVICE_FAMILY = "1,2";
				VERSIONING_SYSTEM = "apple-generic";
				VERSION_INFO_PREFIX = "";
			};
			name = Debug;
		};
		A2CE20791C7D6D86005381DF /* Release */ = {
			isa = XCBuildConfiguration;
			buildSettings = {
				ALWAYS_SEARCH_USER_PATHS = NO;
				CLANG_CXX_LANGUAGE_STANDARD = "gnu++0x";
				CLANG_CXX_LIBRARY = "libc++";
				CLANG_ENABLE_MODULES = YES;
				CLANG_ENABLE_OBJC_ARC = YES;
				CLANG_WARN_BLOCK_CAPTURE_AUTORELEASING = YES;
				CLANG_WARN_BOOL_CONVERSION = YES;
				CLANG_WARN_COMMA = YES;
				CLANG_WARN_CONSTANT_CONVERSION = YES;
				CLANG_WARN_DIRECT_OBJC_ISA_USAGE = YES_ERROR;
				CLANG_WARN_EMPTY_BODY = YES;
				CLANG_WARN_ENUM_CONVERSION = YES;
				CLANG_WARN_INFINITE_RECURSION = YES;
				CLANG_WARN_INT_CONVERSION = YES;
				CLANG_WARN_NON_LITERAL_NULL_CONVERSION = YES;
				CLANG_WARN_OBJC_LITERAL_CONVERSION = YES;
				CLANG_WARN_OBJC_ROOT_CLASS = YES_ERROR;
				CLANG_WARN_RANGE_LOOP_ANALYSIS = YES;
				CLANG_WARN_STRICT_PROTOTYPES = YES;
				CLANG_WARN_SUSPICIOUS_MOVE = YES;
				CLANG_WARN_UNREACHABLE_CODE = YES;
				CLANG_WARN__DUPLICATE_METHOD_MATCH = YES;
				"CODE_SIGN_IDENTITY[sdk=iphoneos*]" = "iPhone Developer";
				COPY_PHASE_STRIP = NO;
				CURRENT_PROJECT_VERSION = 1;
				DEBUG_INFORMATION_FORMAT = "dwarf-with-dsym";
				ENABLE_NS_ASSERTIONS = NO;
				ENABLE_STRICT_OBJC_MSGSEND = YES;
				GCC_C_LANGUAGE_STANDARD = gnu99;
				GCC_NO_COMMON_BLOCKS = YES;
				GCC_WARN_64_TO_32_BIT_CONVERSION = YES;
				GCC_WARN_ABOUT_RETURN_TYPE = YES_ERROR;
				GCC_WARN_UNDECLARED_SELECTOR = YES;
				GCC_WARN_UNINITIALIZED_AUTOS = YES_AGGRESSIVE;
				GCC_WARN_UNUSED_FUNCTION = YES;
				GCC_WARN_UNUSED_VARIABLE = YES;
				IPHONEOS_DEPLOYMENT_TARGET = 9.0;
				MTL_ENABLE_DEBUG_INFO = NO;
				SDKROOT = iphoneos;
				SWIFT_OPTIMIZATION_LEVEL = "-Owholemodule";
				SWIFT_VERSION = 4.2;
				TARGETED_DEVICE_FAMILY = "1,2";
				VALIDATE_PRODUCT = YES;
				VERSIONING_SYSTEM = "apple-generic";
				VERSION_INFO_PREFIX = "";
			};
			name = Release;
		};
		A2CE207B1C7D6D86005381DF /* Debug */ = {
			isa = XCBuildConfiguration;
			baseConfigurationReference = 48F6D82F200DBB84CDCD66BA /* Pods-AlertBuilder.debug.xcconfig */;
			buildSettings = {
				CLANG_ENABLE_MODULES = YES;
				"CODE_SIGN_IDENTITY[sdk=iphoneos*]" = "";
				DEFINES_MODULE = YES;
				DYLIB_COMPATIBILITY_VERSION = 1;
				DYLIB_CURRENT_VERSION = 1;
				DYLIB_INSTALL_NAME_BASE = "@rpath";
				INFOPLIST_FILE = AlertBuilder/Info.plist;
				INSTALL_PATH = "$(LOCAL_LIBRARY_DIR)/Frameworks";
				IPHONEOS_DEPLOYMENT_TARGET = 9.0;
				LD_RUNPATH_SEARCH_PATHS = "$(inherited) @executable_path/Frameworks @loader_path/Frameworks";
				PRODUCT_BUNDLE_IDENTIFIER = com.bradhilton.AlertBuilder;
				PRODUCT_NAME = "$(TARGET_NAME)";
				SKIP_INSTALL = YES;
				SWIFT_OPTIMIZATION_LEVEL = "-Onone";
				SWIFT_SWIFT3_OBJC_INFERENCE = Default;
				SWIFT_VERSION = 4.2;
			};
			name = Debug;
		};
		A2CE207C1C7D6D86005381DF /* Release */ = {
			isa = XCBuildConfiguration;
			baseConfigurationReference = 666236D5DC90161FACC729B6 /* Pods-AlertBuilder.release.xcconfig */;
			buildSettings = {
				CLANG_ENABLE_MODULES = YES;
				"CODE_SIGN_IDENTITY[sdk=iphoneos*]" = "";
				DEFINES_MODULE = YES;
				DYLIB_COMPATIBILITY_VERSION = 1;
				DYLIB_CURRENT_VERSION = 1;
				DYLIB_INSTALL_NAME_BASE = "@rpath";
				INFOPLIST_FILE = AlertBuilder/Info.plist;
				INSTALL_PATH = "$(LOCAL_LIBRARY_DIR)/Frameworks";
				IPHONEOS_DEPLOYMENT_TARGET = 9.0;
				LD_RUNPATH_SEARCH_PATHS = "$(inherited) @executable_path/Frameworks @loader_path/Frameworks";
				PRODUCT_BUNDLE_IDENTIFIER = com.bradhilton.AlertBuilder;
				PRODUCT_NAME = "$(TARGET_NAME)";
				SKIP_INSTALL = YES;
				SWIFT_SWIFT3_OBJC_INFERENCE = Default;
				SWIFT_VERSION = 4.2;
			};
			name = Release;
		};
		A2CE207E1C7D6D86005381DF /* Debug */ = {
			isa = XCBuildConfiguration;
			baseConfigurationReference = 251CE2DCE9A97572AFEB59DB /* Pods-AlertBuilderTests.debug.xcconfig */;
			buildSettings = {
				INFOPLIST_FILE = AlertBuilderTests/Info.plist;
				LD_RUNPATH_SEARCH_PATHS = "$(inherited) @executable_path/Frameworks @loader_path/Frameworks";
				PRODUCT_BUNDLE_IDENTIFIER = com.bradhilton.AlertBuilderTests;
				PRODUCT_NAME = "$(TARGET_NAME)";
				SWIFT_SWIFT3_OBJC_INFERENCE = On;
				SWIFT_VERSION = 4.0;
			};
			name = Debug;
		};
		A2CE207F1C7D6D86005381DF /* Release */ = {
			isa = XCBuildConfiguration;
			baseConfigurationReference = 1540B6EB658680F7A2781B73 /* Pods-AlertBuilderTests.release.xcconfig */;
			buildSettings = {
				INFOPLIST_FILE = AlertBuilderTests/Info.plist;
				LD_RUNPATH_SEARCH_PATHS = "$(inherited) @executable_path/Frameworks @loader_path/Frameworks";
				PRODUCT_BUNDLE_IDENTIFIER = com.bradhilton.AlertBuilderTests;
				PRODUCT_NAME = "$(TARGET_NAME)";
				SWIFT_SWIFT3_OBJC_INFERENCE = On;
				SWIFT_VERSION = 4.0;
			};
			name = Release;
		};
/* End XCBuildConfiguration section */

/* Begin XCConfigurationList section */
		A2CE20601C7D6D86005381DF /* Build configuration list for PBXProject "AlertBuilder" */ = {
			isa = XCConfigurationList;
			buildConfigurations = (
				A2CE20781C7D6D86005381DF /* Debug */,
				A2CE20791C7D6D86005381DF /* Release */,
			);
			defaultConfigurationIsVisible = 0;
			defaultConfigurationName = Release;
		};
		A2CE207A1C7D6D86005381DF /* Build configuration list for PBXNativeTarget "AlertBuilder" */ = {
			isa = XCConfigurationList;
			buildConfigurations = (
				A2CE207B1C7D6D86005381DF /* Debug */,
				A2CE207C1C7D6D86005381DF /* Release */,
			);
			defaultConfigurationIsVisible = 0;
			defaultConfigurationName = Release;
		};
		A2CE207D1C7D6D86005381DF /* Build configuration list for PBXNativeTarget "AlertBuilderTests" */ = {
			isa = XCConfigurationList;
			buildConfigurations = (
				A2CE207E1C7D6D86005381DF /* Debug */,
				A2CE207F1C7D6D86005381DF /* Release */,
			);
			defaultConfigurationIsVisible = 0;
			defaultConfigurationName = Release;
		};
/* End XCConfigurationList section */
	};
	rootObject = A2CE205D1C7D6D86005381DF /* Project object */;
}
